
Microsoft Visual Studio Solution File, Format Version 12.00
# Visual Studio Version 17
VisualStudioVersion = 17.7.34031.279
MinimumVisualStudioVersion = 10.0.40219.1
Project("{9A19103F-16F7-4668-BE54-9A1E7A4F7556}") = "EntityLayer", "EntityLayer\EntityLayer.csproj", "{06EE271C-0FD4-47D5-8561-61B028C679EC}"
EndProject
Project("{9A19103F-16F7-4668-BE54-9A1E7A4F7556}") = "DataAccessLayer", "DataAccessLayer\DataAccessLayer.csproj", "{434A69DC-4459-4E4F-B209-BAF0246E1F1F}"
EndProject
Project("{9A19103F-16F7-4668-BE54-9A1E7A4F7556}") = "BusinessLayer", "BusinessLayer\BusinessLayer.csproj", "{2AAB8F8C-7694-4E99-ADBD-09E84986D4D4}"
EndProject
Project("{9A19103F-16F7-4668-BE54-9A1E7A4F7556}") = "DtoLayer", "DtoLayer\DtoLayer.csproj", "{1CBA1CC4-8CE1-4667-A682-2E06180FD023}"
EndProject
Project("{FAE04EC0-301F-11D3-BF4B-00C04F79EFBC}") = "PresentationLayer3", "PresentationLayer3\PresentationLayer3.csproj", "{673F2588-C930-4A77-96E5-498A7607DB78}"
EndProject
Global
	GlobalSection(SolutionConfigurationPlatforms) = preSolution
		Debug|Any CPU = Debug|Any CPU
		Release|Any CPU = Release|Any CPU
	EndGlobalSection
	GlobalSection(ProjectConfigurationPlatforms) = postSolution
		{06EE271C-0FD4-47D5-8561-61B028C679EC}.Debug|Any CPU.ActiveCfg = Debug|Any CPU
		{06EE271C-0FD4-47D5-8561-61B028C679EC}.Debug|Any CPU.Build.0 = Debug|Any CPU
		{06EE271C-0FD4-47D5-8561-61B028C679EC}.Release|Any CPU.ActiveCfg = Release|Any CPU
		{06EE271C-0FD4-47D5-8561-61B028C679EC}.Release|Any CPU.Build.0 = Release|Any CPU
		{434A69DC-4459-4E4F-B209-BAF0246E1F1F}.Debug|Any CPU.ActiveCfg = Debug|Any CPU
		{434A69DC-4459-4E4F-B209-BAF0246E1F1F}.Debug|Any CPU.Build.0 = Debug|Any CPU
		{434A69DC-4459-4E4F-B209-BAF0246E1F1F}.Release|Any CPU.ActiveCfg = Release|Any CPU
		{434A69DC-4459-4E4F-B209-BAF0246E1F1F}.Release|Any CPU.Build.0 = Release|Any CPU
		{2AAB8F8C-7694-4E99-ADBD-09E84986D4D4}.Debug|Any CPU.ActiveCfg = Debug|Any CPU
		{2AAB8F8C-7694-4E99-ADBD-09E84986D4D4}.Debug|Any CPU.Build.0 = Debug|Any CPU
		{2AAB8F8C-7694-4E99-ADBD-09E84986D4D4}.Release|Any CPU.ActiveCfg = Release|Any CPU
		{2AAB8F8C-7694-4E99-ADBD-09E84986D4D4}.Release|Any CPU.Build.0 = Release|Any CPU
		{1CBA1CC4-8CE1-4667-A682-2E06180FD023}.Debug|Any CPU.ActiveCfg = Debug|Any CPU
		{1CBA1CC4-8CE1-4667-A682-2E06180FD023}.Debug|Any CPU.Build.0 = Debug|Any CPU
		{1CBA1CC4-8CE1-4667-A682-2E06180FD023}.Release|Any CPU.ActiveCfg = Release|Any CPU
		{1CBA1CC4-8CE1-4667-A682-2E06180FD023}.Release|Any CPU.Build.0 = Release|Any CPU
		{673F2588-C930-4A77-96E5-498A7607DB78}.Debug|Any CPU.ActiveCfg = Debug|Any CPU
		{673F2588-C930-4A77-96E5-498A7607DB78}.Debug|Any CPU.Build.0 = Debug|Any CPU
		{673F2588-C930-4A77-96E5-498A7607DB78}.Release|Any CPU.ActiveCfg = Release|Any CPU
		{673F2588-C930-4A77-96E5-498A7607DB78}.Release|Any CPU.Build.0 = Release|Any CPU
	EndGlobalSection
	GlobalSection(SolutionProperties) = preSolution
		HideSolutionNode = FALSE
	EndGlobalSection
	GlobalSection(ExtensibilityGlobals) = postSolution
		SolutionGuid = {58ABE190-8B10-40CD-9AA7-0C74F1CCB75D}
	EndGlobalSection
EndGlobal
